
Microsoft Visual Studio Solution File, Format Version 12.00
# Visual Studio 14
VisualStudioVersion = 14.0.25420.1
MinimumVisualStudioVersion = 10.0.40219.1
Project("{2150E333-8FDC-42A3-9474-1A3956D46DE8}") = "src", "src", "{406A16E4-6EDB-40A0-8779-49CAEE96769A}"
EndProject
Project("{2150E333-8FDC-42A3-9474-1A3956D46DE8}") = "Solution Items", "Solution Items", "{BFBD6E1A-64C2-4E15-B49C-01E1F42BDBFB}"
	ProjectSection(SolutionItems) = preProject
		global.json = global.json
	EndProjectSection
EndProject
Project("{8BB2217D-0F2D-49D1-97BC-3654ED321F3B}") = "TermProject296N", "src\TermProject296N\TermProject296N.xproj", "{C96D79A8-D10E-4A19-A736-CA439F3C0AEE}"
EndProject
Global
	GlobalSection(SolutionConfigurationPlatforms) = preSolution
		Debug|Any CPU = Debug|Any CPU
		Release|Any CPU = Release|Any CPU
	EndGlobalSection
	GlobalSection(ProjectConfigurationPlatforms) = postSolution
		{C96D79A8-D10E-4A19-A736-CA439F3C0AEE}.Debug|Any CPU.ActiveCfg = Debug|Any CPU
		{C96D79A8-D10E-4A19-A736-CA439F3C0AEE}.Debug|Any CPU.Build.0 = Debug|Any CPU
		{C96D79A8-D10E-4A19-A736-CA439F3C0AEE}.Release|Any CPU.ActiveCfg = Release|Any CPU
		{C96D79A8-D10E-4A19-A736-CA439F3C0AEE}.Release|Any CPU.Build.0 = Release|Any CPU
	EndGlobalSection
	GlobalSection(SolutionProperties) = preSolution
		HideSolutionNode = FALSE
	EndGlobalSection
	GlobalSection(NestedProjects) = preSolution
		{C96D79A8-D10E-4A19-A736-CA439F3C0AEE} = {406A16E4-6EDB-40A0-8779-49CAEE96769A}
	EndGlobalSection
EndGlobal
